
Microsoft Visual Studio Solution File, Format Version 12.00
Project("{FAE04EC0-301F-11D3-BF4B-00C04F79EFBC}") = "HrLeaveManagement.Domain", "src\Core\HrLeaveManagement.Domain\HrLeaveManagement.Domain.csproj", "{E71E06D0-7960-4FB2-92A1-96059B3B79F0}"
EndProject
Project("{2150E333-8FDC-42A3-9474-1A3956D46DE8}") = "src", "src", "{407232C1-710E-48AF-818F-9E064ECE52FB}"
EndProject
Project("{2150E333-8FDC-42A3-9474-1A3956D46DE8}") = "tests", "tests", "{311F46B3-85BF-406A-AD11-BE4F7D15C37D}"
EndProject
Project("{2150E333-8FDC-42A3-9474-1A3956D46DE8}") = "Core", "Core", "{34866521-BD0C-4803-99A3-545DEC412E94}"
EndProject
Project("{2150E333-8FDC-42A3-9474-1A3956D46DE8}") = "API", "API", "{72D20741-9235-4587-AE0E-4A668FF227E1}"
EndProject
Project("{2150E333-8FDC-42A3-9474-1A3956D46DE8}") = "UI", "UI", "{DFA65B5E-9633-4AD8-91C0-ACE283E3D527}"
EndProject
Project("{2150E333-8FDC-42A3-9474-1A3956D46DE8}") = "Infrastructure", "Infrastructure", "{6AFB0BC2-22B3-4089-9CA6-3CFD9299C76A}"
EndProject
Global
	GlobalSection(SolutionConfigurationPlatforms) = preSolution
		Debug|Any CPU = Debug|Any CPU
		Release|Any CPU = Release|Any CPU
	EndGlobalSection
	GlobalSection(ProjectConfigurationPlatforms) = postSolution
		{E71E06D0-7960-4FB2-92A1-96059B3B79F0}.Debug|Any CPU.ActiveCfg = Debug|Any CPU
		{E71E06D0-7960-4FB2-92A1-96059B3B79F0}.Debug|Any CPU.Build.0 = Debug|Any CPU
		{E71E06D0-7960-4FB2-92A1-96059B3B79F0}.Release|Any CPU.ActiveCfg = Release|Any CPU
		{E71E06D0-7960-4FB2-92A1-96059B3B79F0}.Release|Any CPU.Build.0 = Release|Any CPU
	EndGlobalSection
	GlobalSection(NestedProjects) = preSolution
		{34866521-BD0C-4803-99A3-545DEC412E94} = {407232C1-710E-48AF-818F-9E064ECE52FB}
		{E71E06D0-7960-4FB2-92A1-96059B3B79F0} = {34866521-BD0C-4803-99A3-545DEC412E94}
		{72D20741-9235-4587-AE0E-4A668FF227E1} = {407232C1-710E-48AF-818F-9E064ECE52FB}
		{DFA65B5E-9633-4AD8-91C0-ACE283E3D527} = {407232C1-710E-48AF-818F-9E064ECE52FB}
		{6AFB0BC2-22B3-4089-9CA6-3CFD9299C76A} = {407232C1-710E-48AF-818F-9E064ECE52FB}
	EndGlobalSection
EndGlobal
