
Microsoft Visual Studio Solution File, Format Version 12.00
Project("{FAE04EC0-301F-11D3-BF4B-00C04F79EFBC}") = "HrLeaveManagement.Domain", "src\Core\HrLeaveManagement.Domain\HrLeaveManagement.Domain.csproj", "{E71E06D0-7960-4FB2-92A1-96059B3B79F0}"
EndProject
Project("{2150E333-8FDC-42A3-9474-1A3956D46DE8}") = "src", "src", "{407232C1-710E-48AF-818F-9E064ECE52FB}"
EndProject
Project("{2150E333-8FDC-42A3-9474-1A3956D46DE8}") = "tests", "tests", "{311F46B3-85BF-406A-AD11-BE4F7D15C37D}"
EndProject
Project("{2150E333-8FDC-42A3-9474-1A3956D46DE8}") = "Core", "Core", "{34866521-BD0C-4803-99A3-545DEC412E94}"
EndProject
Project("{2150E333-8FDC-42A3-9474-1A3956D46DE8}") = "API", "API", "{72D20741-9235-4587-AE0E-4A668FF227E1}"
EndProject
Project("{2150E333-8FDC-42A3-9474-1A3956D46DE8}") = "UI", "UI", "{DFA65B5E-9633-4AD8-91C0-ACE283E3D527}"
EndProject
Project("{2150E333-8FDC-42A3-9474-1A3956D46DE8}") = "Infrastructure", "Infrastructure", "{6AFB0BC2-22B3-4089-9CA6-3CFD9299C76A}"
EndProject
Project("{FAE04EC0-301F-11D3-BF4B-00C04F79EFBC}") = "HrLeaveManagement.Application", "src\Core\HrLeaveManagement.Application\HrLeaveManagement.Application.csproj", "{A34FFC82-40FE-4F8F-B5CC-31F9E45A89C7}"
EndProject
Project("{FAE04EC0-301F-11D3-BF4B-00C04F79EFBC}") = "HrLeaveManagement.Persistence", "src\Infrastructure\HrLeaveManagement.Persistence\HrLeaveManagement.Persistence.csproj", "{A5B746C3-0159-4780-99C7-643040E30EAC}"
EndProject
Project("{FAE04EC0-301F-11D3-BF4B-00C04F79EFBC}") = "HrLeaveManagement.Infrastructure", "src\Infrastructure\HrLeaveManagement.Infrastructure\HrLeaveManagement.Infrastructure.csproj", "{A9F2646A-9AE6-452D-80C6-CCB6B9AAC040}"
EndProject
Project("{FAE04EC0-301F-11D3-BF4B-00C04F79EFBC}") = "HrLeaveManagement.Api", "src\API\HrLeaveManagement.Api\HrLeaveManagement.Api.csproj", "{62B7A701-DA3A-4715-A7A0-6DA3852F7796}"
EndProject
Project("{FAE04EC0-301F-11D3-BF4B-00C04F79EFBC}") = "HrLeaveManagement.Application.UnitTests", "tests\HrLeaveManagement.Application.UnitTests\HrLeaveManagement.Application.UnitTests.csproj", "{1C20F12E-1C3B-4D27-BE1C-9152F779825F}"
EndProject
Global
	GlobalSection(SolutionConfigurationPlatforms) = preSolution
		Debug|Any CPU = Debug|Any CPU
		Release|Any CPU = Release|Any CPU
	EndGlobalSection
	GlobalSection(ProjectConfigurationPlatforms) = postSolution
		{E71E06D0-7960-4FB2-92A1-96059B3B79F0}.Debug|Any CPU.ActiveCfg = Debug|Any CPU
		{E71E06D0-7960-4FB2-92A1-96059B3B79F0}.Debug|Any CPU.Build.0 = Debug|Any CPU
		{E71E06D0-7960-4FB2-92A1-96059B3B79F0}.Release|Any CPU.ActiveCfg = Release|Any CPU
		{E71E06D0-7960-4FB2-92A1-96059B3B79F0}.Release|Any CPU.Build.0 = Release|Any CPU
		{A34FFC82-40FE-4F8F-B5CC-31F9E45A89C7}.Debug|Any CPU.ActiveCfg = Debug|Any CPU
		{A34FFC82-40FE-4F8F-B5CC-31F9E45A89C7}.Debug|Any CPU.Build.0 = Debug|Any CPU
		{A34FFC82-40FE-4F8F-B5CC-31F9E45A89C7}.Release|Any CPU.ActiveCfg = Release|Any CPU
		{A34FFC82-40FE-4F8F-B5CC-31F9E45A89C7}.Release|Any CPU.Build.0 = Release|Any CPU
		{A5B746C3-0159-4780-99C7-643040E30EAC}.Debug|Any CPU.ActiveCfg = Debug|Any CPU
		{A5B746C3-0159-4780-99C7-643040E30EAC}.Debug|Any CPU.Build.0 = Debug|Any CPU
		{A5B746C3-0159-4780-99C7-643040E30EAC}.Release|Any CPU.ActiveCfg = Release|Any CPU
		{A5B746C3-0159-4780-99C7-643040E30EAC}.Release|Any CPU.Build.0 = Release|Any CPU
		{A9F2646A-9AE6-452D-80C6-CCB6B9AAC040}.Debug|Any CPU.ActiveCfg = Debug|Any CPU
		{A9F2646A-9AE6-452D-80C6-CCB6B9AAC040}.Debug|Any CPU.Build.0 = Debug|Any CPU
		{A9F2646A-9AE6-452D-80C6-CCB6B9AAC040}.Release|Any CPU.ActiveCfg = Release|Any CPU
		{A9F2646A-9AE6-452D-80C6-CCB6B9AAC040}.Release|Any CPU.Build.0 = Release|Any CPU
		{62B7A701-DA3A-4715-A7A0-6DA3852F7796}.Debug|Any CPU.ActiveCfg = Debug|Any CPU
		{62B7A701-DA3A-4715-A7A0-6DA3852F7796}.Debug|Any CPU.Build.0 = Debug|Any CPU
		{62B7A701-DA3A-4715-A7A0-6DA3852F7796}.Release|Any CPU.ActiveCfg = Release|Any CPU
		{62B7A701-DA3A-4715-A7A0-6DA3852F7796}.Release|Any CPU.Build.0 = Release|Any CPU
		{1C20F12E-1C3B-4D27-BE1C-9152F779825F}.Debug|Any CPU.ActiveCfg = Debug|Any CPU
		{1C20F12E-1C3B-4D27-BE1C-9152F779825F}.Debug|Any CPU.Build.0 = Debug|Any CPU
		{1C20F12E-1C3B-4D27-BE1C-9152F779825F}.Release|Any CPU.ActiveCfg = Release|Any CPU
		{1C20F12E-1C3B-4D27-BE1C-9152F779825F}.Release|Any CPU.Build.0 = Release|Any CPU
	EndGlobalSection
	GlobalSection(NestedProjects) = preSolution
		{34866521-BD0C-4803-99A3-545DEC412E94} = {407232C1-710E-48AF-818F-9E064ECE52FB}
		{E71E06D0-7960-4FB2-92A1-96059B3B79F0} = {34866521-BD0C-4803-99A3-545DEC412E94}
		{72D20741-9235-4587-AE0E-4A668FF227E1} = {407232C1-710E-48AF-818F-9E064ECE52FB}
		{DFA65B5E-9633-4AD8-91C0-ACE283E3D527} = {407232C1-710E-48AF-818F-9E064ECE52FB}
		{6AFB0BC2-22B3-4089-9CA6-3CFD9299C76A} = {407232C1-710E-48AF-818F-9E064ECE52FB}
		{A34FFC82-40FE-4F8F-B5CC-31F9E45A89C7} = {34866521-BD0C-4803-99A3-545DEC412E94}
		{A5B746C3-0159-4780-99C7-643040E30EAC} = {6AFB0BC2-22B3-4089-9CA6-3CFD9299C76A}
		{A9F2646A-9AE6-452D-80C6-CCB6B9AAC040} = {6AFB0BC2-22B3-4089-9CA6-3CFD9299C76A}
		{62B7A701-DA3A-4715-A7A0-6DA3852F7796} = {72D20741-9235-4587-AE0E-4A668FF227E1}
		{1C20F12E-1C3B-4D27-BE1C-9152F779825F} = {311F46B3-85BF-406A-AD11-BE4F7D15C37D}
	EndGlobalSection
EndGlobal
